
Microsoft Visual Studio Solution File, Format Version 12.00
# Visual Studio Version 17
VisualStudioVersion = 17.0.31903.59
MinimumVisualStudioVersion = 10.0.40219.1
Project("{9A19103F-16F7-4668-BE54-9A1E7A4F7556}") = "WeatherMaui", "WeatherMaui\WeatherMaui.csproj", "{894E6002-9A2B-4ABC-B9DC-67318A9AA34F}"
EndProject
Project("{FAE04EC0-301F-11D3-BF4B-00C04F79EFBC}") = "Weather", "Weather\Weather.csproj", "{939EED7D-9D8C-48B8-A04C-C94A23DBE077}"
EndProject
Global
	GlobalSection(SolutionConfigurationPlatforms) = preSolution
		Debug|Any CPU = Debug|Any CPU
		Release|Any CPU = Release|Any CPU
	EndGlobalSection
	GlobalSection(ProjectConfigurationPlatforms) = postSolution
		{894E6002-9A2B-4ABC-B9DC-67318A9AA34F}.Debug|Any CPU.ActiveCfg = Debug|Any CPU
		{894E6002-9A2B-4ABC-B9DC-67318A9AA34F}.Debug|Any CPU.Build.0 = Debug|Any CPU
		{894E6002-9A2B-4ABC-B9DC-67318A9AA34F}.Release|Any CPU.ActiveCfg = Release|Any CPU
		{894E6002-9A2B-4ABC-B9DC-67318A9AA34F}.Release|Any CPU.Build.0 = Release|Any CPU
		{939EED7D-9D8C-48B8-A04C-C94A23DBE077}.Debug|Any CPU.ActiveCfg = Debug|Any CPU
		{939EED7D-9D8C-48B8-A04C-C94A23DBE077}.Debug|Any CPU.Build.0 = Debug|Any CPU
		{939EED7D-9D8C-48B8-A04C-C94A23DBE077}.Debug|Any CPU.Deploy.0 = Debug|Any CPU
		{939EED7D-9D8C-48B8-A04C-C94A23DBE077}.Release|Any CPU.ActiveCfg = Release|Any CPU
		{939EED7D-9D8C-48B8-A04C-C94A23DBE077}.Release|Any CPU.Build.0 = Release|Any CPU
		{939EED7D-9D8C-48B8-A04C-C94A23DBE077}.Release|Any CPU.Deploy.0 = Release|Any CPU
	EndGlobalSection
	GlobalSection(SolutionProperties) = preSolution
		HideSolutionNode = FALSE
	EndGlobalSection
EndGlobal
